
Microsoft Visual Studio Solution File, Format Version 12.00
# Visual Studio 15
VisualStudioVersion = 15.0.26124.0
MinimumVisualStudioVersion = 15.0.26124.0
Project("{FAE04EC0-301F-11D3-BF4B-00C04F79EFBC}") = "RrNetBack.API", "RrNetBack.API\RrNetBack.API.csproj", "{E1E0F445-B2C6-45F1-B66C-151961A1B3A8}"
EndProject
Project("{FAE04EC0-301F-11D3-BF4B-00C04F79EFBC}") = "RrNetBack.Common", "RrNetBack.Common\RrNetBack.Common.csproj", "{CD2B6FFD-373B-4391-AB21-C40771743E3E}"
EndProject
Project("{FAE04EC0-301F-11D3-BF4B-00C04F79EFBC}") = "RrNetBack.Domain", "RrNetBack.Domain\RrNetBack.Domain.csproj", "{4A9FD769-2364-4BBB-9134-3140A039B230}"
EndProject
Project("{FAE04EC0-301F-11D3-BF4B-00C04F79EFBC}") = "RrNetBack.DAL", "RrNetBack.DAL\RrNetBack.DAL.csproj", "{2A0EBD43-FF08-4467-8BE0-BBA134C148AF}"
EndProject
Project("{FAE04EC0-301F-11D3-BF4B-00C04F79EFBC}") = "RrNetBack.DTO", "RrNetBack.DTO\RrNetBack.DTO.csproj", "{D79B67A1-E4CE-42AB-B3D2-71FB705707C7}"
EndProject
Project("{FAE04EC0-301F-11D3-BF4B-00C04F79EFBC}") = "RrNetBack.BLL", "RrNetBack.BLL\RrNetBack.BLL.csproj", "{C81A1496-9D1D-49B2-ABA0-6655CC666E0E}"
EndProject
Global
	GlobalSection(SolutionConfigurationPlatforms) = preSolution
		Debug|Any CPU = Debug|Any CPU
		Debug|x64 = Debug|x64
		Debug|x86 = Debug|x86
		Release|Any CPU = Release|Any CPU
		Release|x64 = Release|x64
		Release|x86 = Release|x86
	EndGlobalSection
	GlobalSection(SolutionProperties) = preSolution
		HideSolutionNode = FALSE
	EndGlobalSection
	GlobalSection(ProjectConfigurationPlatforms) = postSolution
		{E1E0F445-B2C6-45F1-B66C-151961A1B3A8}.Debug|Any CPU.ActiveCfg = Debug|Any CPU
		{E1E0F445-B2C6-45F1-B66C-151961A1B3A8}.Debug|Any CPU.Build.0 = Debug|Any CPU
		{E1E0F445-B2C6-45F1-B66C-151961A1B3A8}.Debug|x64.ActiveCfg = Debug|Any CPU
		{E1E0F445-B2C6-45F1-B66C-151961A1B3A8}.Debug|x64.Build.0 = Debug|Any CPU
		{E1E0F445-B2C6-45F1-B66C-151961A1B3A8}.Debug|x86.ActiveCfg = Debug|Any CPU
		{E1E0F445-B2C6-45F1-B66C-151961A1B3A8}.Debug|x86.Build.0 = Debug|Any CPU
		{E1E0F445-B2C6-45F1-B66C-151961A1B3A8}.Release|Any CPU.ActiveCfg = Release|Any CPU
		{E1E0F445-B2C6-45F1-B66C-151961A1B3A8}.Release|Any CPU.Build.0 = Release|Any CPU
		{E1E0F445-B2C6-45F1-B66C-151961A1B3A8}.Release|x64.ActiveCfg = Release|Any CPU
		{E1E0F445-B2C6-45F1-B66C-151961A1B3A8}.Release|x64.Build.0 = Release|Any CPU
		{E1E0F445-B2C6-45F1-B66C-151961A1B3A8}.Release|x86.ActiveCfg = Release|Any CPU
		{E1E0F445-B2C6-45F1-B66C-151961A1B3A8}.Release|x86.Build.0 = Release|Any CPU
		{CD2B6FFD-373B-4391-AB21-C40771743E3E}.Debug|Any CPU.ActiveCfg = Debug|Any CPU
		{CD2B6FFD-373B-4391-AB21-C40771743E3E}.Debug|Any CPU.Build.0 = Debug|Any CPU
		{CD2B6FFD-373B-4391-AB21-C40771743E3E}.Debug|x64.ActiveCfg = Debug|Any CPU
		{CD2B6FFD-373B-4391-AB21-C40771743E3E}.Debug|x64.Build.0 = Debug|Any CPU
		{CD2B6FFD-373B-4391-AB21-C40771743E3E}.Debug|x86.ActiveCfg = Debug|Any CPU
		{CD2B6FFD-373B-4391-AB21-C40771743E3E}.Debug|x86.Build.0 = Debug|Any CPU
		{CD2B6FFD-373B-4391-AB21-C40771743E3E}.Release|Any CPU.ActiveCfg = Release|Any CPU
		{CD2B6FFD-373B-4391-AB21-C40771743E3E}.Release|Any CPU.Build.0 = Release|Any CPU
		{CD2B6FFD-373B-4391-AB21-C40771743E3E}.Release|x64.ActiveCfg = Release|Any CPU
		{CD2B6FFD-373B-4391-AB21-C40771743E3E}.Release|x64.Build.0 = Release|Any CPU
		{CD2B6FFD-373B-4391-AB21-C40771743E3E}.Release|x86.ActiveCfg = Release|Any CPU
		{CD2B6FFD-373B-4391-AB21-C40771743E3E}.Release|x86.Build.0 = Release|Any CPU
		{4A9FD769-2364-4BBB-9134-3140A039B230}.Debug|Any CPU.ActiveCfg = Debug|Any CPU
		{4A9FD769-2364-4BBB-9134-3140A039B230}.Debug|Any CPU.Build.0 = Debug|Any CPU
		{4A9FD769-2364-4BBB-9134-3140A039B230}.Debug|x64.ActiveCfg = Debug|Any CPU
		{4A9FD769-2364-4BBB-9134-3140A039B230}.Debug|x64.Build.0 = Debug|Any CPU
		{4A9FD769-2364-4BBB-9134-3140A039B230}.Debug|x86.ActiveCfg = Debug|Any CPU
		{4A9FD769-2364-4BBB-9134-3140A039B230}.Debug|x86.Build.0 = Debug|Any CPU
		{4A9FD769-2364-4BBB-9134-3140A039B230}.Release|Any CPU.ActiveCfg = Release|Any CPU
		{4A9FD769-2364-4BBB-9134-3140A039B230}.Release|Any CPU.Build.0 = Release|Any CPU
		{4A9FD769-2364-4BBB-9134-3140A039B230}.Release|x64.ActiveCfg = Release|Any CPU
		{4A9FD769-2364-4BBB-9134-3140A039B230}.Release|x64.Build.0 = Release|Any CPU
		{4A9FD769-2364-4BBB-9134-3140A039B230}.Release|x86.ActiveCfg = Release|Any CPU
		{4A9FD769-2364-4BBB-9134-3140A039B230}.Release|x86.Build.0 = Release|Any CPU
		{2A0EBD43-FF08-4467-8BE0-BBA134C148AF}.Debug|Any CPU.ActiveCfg = Debug|Any CPU
		{2A0EBD43-FF08-4467-8BE0-BBA134C148AF}.Debug|Any CPU.Build.0 = Debug|Any CPU
		{2A0EBD43-FF08-4467-8BE0-BBA134C148AF}.Debug|x64.ActiveCfg = Debug|Any CPU
		{2A0EBD43-FF08-4467-8BE0-BBA134C148AF}.Debug|x64.Build.0 = Debug|Any CPU
		{2A0EBD43-FF08-4467-8BE0-BBA134C148AF}.Debug|x86.ActiveCfg = Debug|Any CPU
		{2A0EBD43-FF08-4467-8BE0-BBA134C148AF}.Debug|x86.Build.0 = Debug|Any CPU
		{2A0EBD43-FF08-4467-8BE0-BBA134C148AF}.Release|Any CPU.ActiveCfg = Release|Any CPU
		{2A0EBD43-FF08-4467-8BE0-BBA134C148AF}.Release|Any CPU.Build.0 = Release|Any CPU
		{2A0EBD43-FF08-4467-8BE0-BBA134C148AF}.Release|x64.ActiveCfg = Release|Any CPU
		{2A0EBD43-FF08-4467-8BE0-BBA134C148AF}.Release|x64.Build.0 = Release|Any CPU
		{2A0EBD43-FF08-4467-8BE0-BBA134C148AF}.Release|x86.ActiveCfg = Release|Any CPU
		{2A0EBD43-FF08-4467-8BE0-BBA134C148AF}.Release|x86.Build.0 = Release|Any CPU
		{D79B67A1-E4CE-42AB-B3D2-71FB705707C7}.Debug|Any CPU.ActiveCfg = Debug|Any CPU
		{D79B67A1-E4CE-42AB-B3D2-71FB705707C7}.Debug|Any CPU.Build.0 = Debug|Any CPU
		{D79B67A1-E4CE-42AB-B3D2-71FB705707C7}.Debug|x64.ActiveCfg = Debug|Any CPU
		{D79B67A1-E4CE-42AB-B3D2-71FB705707C7}.Debug|x64.Build.0 = Debug|Any CPU
		{D79B67A1-E4CE-42AB-B3D2-71FB705707C7}.Debug|x86.ActiveCfg = Debug|Any CPU
		{D79B67A1-E4CE-42AB-B3D2-71FB705707C7}.Debug|x86.Build.0 = Debug|Any CPU
		{D79B67A1-E4CE-42AB-B3D2-71FB705707C7}.Release|Any CPU.ActiveCfg = Release|Any CPU
		{D79B67A1-E4CE-42AB-B3D2-71FB705707C7}.Release|Any CPU.Build.0 = Release|Any CPU
		{D79B67A1-E4CE-42AB-B3D2-71FB705707C7}.Release|x64.ActiveCfg = Release|Any CPU
		{D79B67A1-E4CE-42AB-B3D2-71FB705707C7}.Release|x64.Build.0 = Release|Any CPU
		{D79B67A1-E4CE-42AB-B3D2-71FB705707C7}.Release|x86.ActiveCfg = Release|Any CPU
		{D79B67A1-E4CE-42AB-B3D2-71FB705707C7}.Release|x86.Build.0 = Release|Any CPU
		{C81A1496-9D1D-49B2-ABA0-6655CC666E0E}.Debug|Any CPU.ActiveCfg = Debug|Any CPU
		{C81A1496-9D1D-49B2-ABA0-6655CC666E0E}.Debug|Any CPU.Build.0 = Debug|Any CPU
		{C81A1496-9D1D-49B2-ABA0-6655CC666E0E}.Debug|x64.ActiveCfg = Debug|Any CPU
		{C81A1496-9D1D-49B2-ABA0-6655CC666E0E}.Debug|x64.Build.0 = Debug|Any CPU
		{C81A1496-9D1D-49B2-ABA0-6655CC666E0E}.Debug|x86.ActiveCfg = Debug|Any CPU
		{C81A1496-9D1D-49B2-ABA0-6655CC666E0E}.Debug|x86.Build.0 = Debug|Any CPU
		{C81A1496-9D1D-49B2-ABA0-6655CC666E0E}.Release|Any CPU.ActiveCfg = Release|Any CPU
		{C81A1496-9D1D-49B2-ABA0-6655CC666E0E}.Release|Any CPU.Build.0 = Release|Any CPU
		{C81A1496-9D1D-49B2-ABA0-6655CC666E0E}.Release|x64.ActiveCfg = Release|Any CPU
		{C81A1496-9D1D-49B2-ABA0-6655CC666E0E}.Release|x64.Build.0 = Release|Any CPU
		{C81A1496-9D1D-49B2-ABA0-6655CC666E0E}.Release|x86.ActiveCfg = Release|Any CPU
		{C81A1496-9D1D-49B2-ABA0-6655CC666E0E}.Release|x86.Build.0 = Release|Any CPU
	EndGlobalSection
EndGlobal
